
Microsoft Visual Studio Solution File, Format Version 12.00
# Visual Studio 15
VisualStudioVersion = 15.0.28307.1231
MinimumVisualStudioVersion = 10.0.40219.1
Project("{FAE04EC0-301F-11D3-BF4B-00C04F79EFBC}") = "ConsoleApp3", "ConsoleApp3\ConsoleApp3.csproj", "{9C8BD3EA-CD9E-4029-8077-B6A1761DAC76}"
EndProject
Global
	GlobalSection(SolutionConfigurationPlatforms) = preSolution
		Debug|Any CPU = Debug|Any CPU
		Release|Any CPU = Release|Any CPU
	EndGlobalSection
	GlobalSection(ProjectConfigurationPlatforms) = postSolution
		{9C8BD3EA-CD9E-4029-8077-B6A1761DAC76}.Debug|Any CPU.ActiveCfg = Debug|Any CPU
		{9C8BD3EA-CD9E-4029-8077-B6A1761DAC76}.Debug|Any CPU.Build.0 = Debug|Any CPU
		{9C8BD3EA-CD9E-4029-8077-B6A1761DAC76}.Release|Any CPU.ActiveCfg = Release|Any CPU
		{9C8BD3EA-CD9E-4029-8077-B6A1761DAC76}.Release|Any CPU.Build.0 = Release|Any CPU
	EndGlobalSection
	GlobalSection(SolutionProperties) = preSolution
		HideSolutionNode = FALSE
	EndGlobalSection
	GlobalSection(ExtensibilityGlobals) = postSolution
		SolutionGuid = {A2C40587-DFFD-45AE-B019-59BDABDF3724}
	EndGlobalSection
EndGlobal
